
Microsoft Visual Studio Solution File, Format Version 12.00
# Visual Studio Version 16
VisualStudioVersion = 16.0.30204.135
MinimumVisualStudioVersion = 10.0.40219.1
Project("{2150E333-8FDC-42A3-9474-1A3956D46DE8}") = "Domain", "Domain", "{2A81415B-4D20-4104-A15F-0E628F9953EA}"
EndProject
Project("{2150E333-8FDC-42A3-9474-1A3956D46DE8}") = "Microservices", "Microservices", "{EDC0ED7B-8E8B-4ADF-ACB6-2CA71B338317}"
EndProject
Project("{2150E333-8FDC-42A3-9474-1A3956D46DE8}") = "Infra.IoC", "Infra.IoC", "{4AD98519-977E-4FBF-B0CD-94331F2F91FE}"
EndProject
Project("{2150E333-8FDC-42A3-9474-1A3956D46DE8}") = "Infra.Bus", "Infra.Bus", "{20CB3745-1C81-4DC2-AC3C-FAF90DA2ABAC}"
EndProject
Project("{2150E333-8FDC-42A3-9474-1A3956D46DE8}") = "Presentation", "Presentation", "{B2614B9A-89BE-4328-BE8A-831C54F77D92}"
EndProject
Project("{9A19103F-16F7-4668-BE54-9A1E7A4F7556}") = "MicroRabbit.Domain.Core", "MicroRabbit.Domain.Core\MicroRabbit.Domain.Core.csproj", "{18BE1F03-D5BB-4270-9958-C5ACC467F186}"
EndProject
Project("{9A19103F-16F7-4668-BE54-9A1E7A4F7556}") = "MicroRabbit.Infra.Bus", "MicroRabbit.Infra.Bus\MicroRabbit.Infra.Bus.csproj", "{CEB043AD-F923-4AAA-A5EE-FFE57485CE3F}"
EndProject
Project("{FAE04EC0-301F-11D3-BF4B-00C04F79EFBC}") = "MicroRabbit.Infra.IoC", "MicroRabbit.Infra.IoC\MicroRabbit.Infra.IoC.csproj", "{A7DEDA2E-F0D7-44B7-9B01-37BF6EF8E159}"
EndProject
Global
	GlobalSection(SolutionConfigurationPlatforms) = preSolution
		Debug|Any CPU = Debug|Any CPU
		Release|Any CPU = Release|Any CPU
	EndGlobalSection
	GlobalSection(ProjectConfigurationPlatforms) = postSolution
		{18BE1F03-D5BB-4270-9958-C5ACC467F186}.Debug|Any CPU.ActiveCfg = Debug|Any CPU
		{18BE1F03-D5BB-4270-9958-C5ACC467F186}.Debug|Any CPU.Build.0 = Debug|Any CPU
		{18BE1F03-D5BB-4270-9958-C5ACC467F186}.Release|Any CPU.ActiveCfg = Release|Any CPU
		{18BE1F03-D5BB-4270-9958-C5ACC467F186}.Release|Any CPU.Build.0 = Release|Any CPU
		{CEB043AD-F923-4AAA-A5EE-FFE57485CE3F}.Debug|Any CPU.ActiveCfg = Debug|Any CPU
		{CEB043AD-F923-4AAA-A5EE-FFE57485CE3F}.Debug|Any CPU.Build.0 = Debug|Any CPU
		{CEB043AD-F923-4AAA-A5EE-FFE57485CE3F}.Release|Any CPU.ActiveCfg = Release|Any CPU
		{CEB043AD-F923-4AAA-A5EE-FFE57485CE3F}.Release|Any CPU.Build.0 = Release|Any CPU
		{A7DEDA2E-F0D7-44B7-9B01-37BF6EF8E159}.Debug|Any CPU.ActiveCfg = Debug|Any CPU
		{A7DEDA2E-F0D7-44B7-9B01-37BF6EF8E159}.Debug|Any CPU.Build.0 = Debug|Any CPU
		{A7DEDA2E-F0D7-44B7-9B01-37BF6EF8E159}.Release|Any CPU.ActiveCfg = Release|Any CPU
		{A7DEDA2E-F0D7-44B7-9B01-37BF6EF8E159}.Release|Any CPU.Build.0 = Release|Any CPU
	EndGlobalSection
	GlobalSection(SolutionProperties) = preSolution
		HideSolutionNode = FALSE
	EndGlobalSection
	GlobalSection(NestedProjects) = preSolution
		{18BE1F03-D5BB-4270-9958-C5ACC467F186} = {2A81415B-4D20-4104-A15F-0E628F9953EA}
		{CEB043AD-F923-4AAA-A5EE-FFE57485CE3F} = {20CB3745-1C81-4DC2-AC3C-FAF90DA2ABAC}
		{A7DEDA2E-F0D7-44B7-9B01-37BF6EF8E159} = {4AD98519-977E-4FBF-B0CD-94331F2F91FE}
	EndGlobalSection
	GlobalSection(ExtensibilityGlobals) = postSolution
		SolutionGuid = {63AAA861-1B03-45EF-BEB7-0B4C780911D4}
	EndGlobalSection
EndGlobal
